{
  "object": {
    "pins": [
      {
        "package": "SDWebImage",
        "repositoryURL": "https://github.com/kikeenrique/SDWebImage.git",
        "state": {
          "branch": "master",
          "revision": "89be19449ebd94fbd4fd4588539c8e5e31780c1b",
          "version": null
        }
      }
    ]
  },
  "version": 1
}
